
Microsoft Visual Studio Solution File, Format Version 12.00
# Visual Studio Version 17
VisualStudioVersion = 17.10.35122.118
MinimumVisualStudioVersion = 10.0.40219.1
Project("{8BC9CEB8-8B4A-11D0-8D11-00A0C91BC942}") = "2504", "2504\2504.vcxproj", "{03E164E4-AB1A-4362-B9CF-B778240BD706}"
EndProject
Global
	GlobalSection(SolutionConfigurationPlatforms) = preSolution
		Debug|x64 = Debug|x64
		Debug|x86 = Debug|x86
		Release|x64 = Release|x64
		Release|x86 = Release|x86
	EndGlobalSection
	GlobalSection(ProjectConfigurationPlatforms) = postSolution
		{03E164E4-AB1A-4362-B9CF-B778240BD706}.Debug|x64.ActiveCfg = Debug|x64
		{03E164E4-AB1A-4362-B9CF-B778240BD706}.Debug|x64.Build.0 = Debug|x64
		{03E164E4-AB1A-4362-B9CF-B778240BD706}.Debug|x86.ActiveCfg = Debug|Win32
		{03E164E4-AB1A-4362-B9CF-B778240BD706}.Debug|x86.Build.0 = Debug|Win32
		{03E164E4-AB1A-4362-B9CF-B778240BD706}.Release|x64.ActiveCfg = Release|x64
		{03E164E4-AB1A-4362-B9CF-B778240BD706}.Release|x64.Build.0 = Release|x64
		{03E164E4-AB1A-4362-B9CF-B778240BD706}.Release|x86.ActiveCfg = Release|Win32
		{03E164E4-AB1A-4362-B9CF-B778240BD706}.Release|x86.Build.0 = Release|Win32
	EndGlobalSection
	GlobalSection(SolutionProperties) = preSolution
		HideSolutionNode = FALSE
	EndGlobalSection
	GlobalSection(ExtensibilityGlobals) = postSolution
		SolutionGuid = {05425D6F-3A63-49EE-9F47-19FB4272D9E6}
	EndGlobalSection
EndGlobal
